
Microsoft Visual Studio Solution File, Format Version 12.00
# Visual Studio 15
VisualStudioVersion = 15.0.28307.572
MinimumVisualStudioVersion = 10.0.40219.1
Project("{FAE04EC0-301F-11D3-BF4B-00C04F79EFBC}") = "GoogleDriveAuth-MS19803876", "GoogleDriveAuth-MS19803876\GoogleDriveAuth-MS19803876.csproj", "{AD5C8C05-9669-4C78-9142-D16BF4C13A78}"
EndProject
Global
	GlobalSection(SolutionConfigurationPlatforms) = preSolution
		Debug|Any CPU = Debug|Any CPU
		Release|Any CPU = Release|Any CPU
	EndGlobalSection
	GlobalSection(ProjectConfigurationPlatforms) = postSolution
		{AD5C8C05-9669-4C78-9142-D16BF4C13A78}.Debug|Any CPU.ActiveCfg = Debug|Any CPU
		{AD5C8C05-9669-4C78-9142-D16BF4C13A78}.Debug|Any CPU.Build.0 = Debug|Any CPU
		{AD5C8C05-9669-4C78-9142-D16BF4C13A78}.Release|Any CPU.ActiveCfg = Release|Any CPU
		{AD5C8C05-9669-4C78-9142-D16BF4C13A78}.Release|Any CPU.Build.0 = Release|Any CPU
	EndGlobalSection
	GlobalSection(SolutionProperties) = preSolution
		HideSolutionNode = FALSE
	EndGlobalSection
	GlobalSection(ExtensibilityGlobals) = postSolution
		SolutionGuid = {A49FC4E8-A330-4EBF-A392-1A27209F101C}
	EndGlobalSection
EndGlobal
